// !$*UTF8*$!
{
	archiveVersion = 1;
	classes = {
	};
	objectVersion = 50;
	objects = {

/* Begin PBXBuildFile section */
		7744736E24C076F200614A17 /* AppDelegate.swift in Sources */ = {isa = PBXBuildFile; fileRef = 7744736D24C076F200614A17 /* AppDelegate.swift */; };
		7744737024C076F200614A17 /* SceneDelegate.swift in Sources */ = {isa = PBXBuildFile; fileRef = 7744736F24C076F200614A17 /* SceneDelegate.swift */; };
		7744737224C076F200614A17 /* ContentView.swift in Sources */ = {isa = PBXBuildFile; fileRef = 7744737124C076F200614A17 /* ContentView.swift */; };
		7744737424C076F200614A17 /* Assets.xcassets in Resources */ = {isa = PBXBuildFile; fileRef = 7744737324C076F200614A17 /* Assets.xcassets */; };
		7744737724C076F200614A17 /* Preview Assets.xcassets in Resources */ = {isa = PBXBuildFile; fileRef = 7744737624C076F200614A17 /* Preview Assets.xcassets */; };
		7744737A24C076F200614A17 /* LaunchScreen.storyboard in Resources */ = {isa = PBXBuildFile; fileRef = 7744737824C076F200614A17 /* LaunchScreen.storyboard */; };
		77E2340B24CEC6C00085EDD7 /* CalculatorView.swift in Sources */ = {isa = PBXBuildFile; fileRef = 77E2340A24CEC6C00085EDD7 /* CalculatorView.swift */; };
		77E2340D24CEC6C80085EDD7 /* CalculatorModel.swift in Sources */ = {isa = PBXBuildFile; fileRef = 77E2340C24CEC6C80085EDD7 /* CalculatorModel.swift */; };
/* End PBXBuildFile section */

/* Begin PBXFileReference section */
		7744736A24C076F200614A17 /* Learning SwiftUI.app */ = {isa = PBXFileReference; explicitFileType = wrapper.application; includeInIndex = 0; path = "Learning SwiftUI.app"; sourceTree = BUILT_PRODUCTS_DIR; };
		7744736D24C076F200614A17 /* AppDelegate.swift */ = {isa = PBXFileReference; lastKnownFileType = sourcecode.swift; path = AppDelegate.swift; sourceTree = "<group>"; };
		7744736F24C076F200614A17 /* SceneDelegate.swift */ = {isa = PBXFileReference; lastKnownFileType = sourcecode.swift; path = SceneDelegate.swift; sourceTree = "<group>"; };
		7744737124C076F200614A17 /* ContentView.swift */ = {isa = PBXFileReference; lastKnownFileType = sourcecode.swift; path = ContentView.swift; sourceTree = "<group>"; };
		7744737324C076F200614A17 /* Assets.xcassets */ = {isa = PBXFileReference; lastKnownFileType = folder.assetcatalog; path = Assets.xcassets; sourceTree = "<group>"; };
		7744737624C076F200614A17 /* Preview Assets.xcassets */ = {isa = PBXFileReference; lastKnownFileType = folder.assetcatalog; path = "Preview Assets.xcassets"; sourceTree = "<group>"; };
		7744737924C076F200614A17 /* Base */ = {isa = PBXFileReference; lastKnownFileType = file.storyboard; name = Base; path = Base.lproj/LaunchScreen.storyboard; sourceTree = "<group>"; };
		7744737B24C076F200614A17 /* Info.plist */ = {isa = PBXFileReference; lastKnownFileType = text.plist.xml; path = Info.plist; sourceTree = "<group>"; };
		77E2340A24CEC6C00085EDD7 /* CalculatorView.swift */ = {isa = PBXFileReference; lastKnownFileType = sourcecode.swift; path = CalculatorView.swift; sourceTree = "<group>"; };
		77E2340C24CEC6C80085EDD7 /* CalculatorModel.swift */ = {isa = PBXFileReference; lastKnownFileType = sourcecode.swift; path = CalculatorModel.swift; sourceTree = "<group>"; };
/* End PBXFileReference section */

/* Begin PBXFrameworksBuildPhase section */
		7744736724C076F200614A17 /* Frameworks */ = {
			isa = PBXFrameworksBuildPhase;
			buildActionMask = 2147483647;
			files = (
			);
			runOnlyForDeploymentPostprocessing = 0;
		};
/* End PBXFrameworksBuildPhase section */

/* Begin PBXGroup section */
		7744736124C076F200614A17 = {
			isa = PBXGroup;
			children = (
				7744736C24C076F200614A17 /* Learning SwiftUI */,
				7744736B24C076F200614A17 /* Products */,
			);
			sourceTree = "<group>";
		};
		7744736B24C076F200614A17 /* Products */ = {
			isa = PBXGroup;
			children = (
				7744736A24C076F200614A17 /* Learning SwiftUI.app */,
			);
			name = Products;
			sourceTree = "<group>";
		};
		7744736C24C076F200614A17 /* Learning SwiftUI */ = {
			isa = PBXGroup;
			children = (
				7744736D24C076F200614A17 /* AppDelegate.swift */,
				7744736F24C076F200614A17 /* SceneDelegate.swift */,
				7744737124C076F200614A17 /* ContentView.swift */,
				77E2340924CEC6A60085EDD7 /* Calculator */,
				77E2340824CEC6960085EDD7 /* Supports */,
				7744737524C076F200614A17 /* Preview Content */,
			);
			path = "Learning SwiftUI";
			sourceTree = "<group>";
		};
		7744737524C076F200614A17 /* Preview Content */ = {
			isa = PBXGroup;
			children = (
				7744737624C076F200614A17 /* Preview Assets.xcassets */,
			);
			path = "Preview Content";
			sourceTree = "<group>";
		};
		77E2340824CEC6960085EDD7 /* Supports */ = {
			isa = PBXGroup;
			children = (
				7744737324C076F200614A17 /* Assets.xcassets */,
				7744737824C076F200614A17 /* LaunchScreen.storyboard */,
				7744737B24C076F200614A17 /* Info.plist */,
			);
			name = Supports;
			sourceTree = "<group>";
		};
		77E2340924CEC6A60085EDD7 /* Calculator */ = {
			isa = PBXGroup;
			children = (
				77E2340C24CEC6C80085EDD7 /* CalculatorModel.swift */,
				77E2340A24CEC6C00085EDD7 /* CalculatorView.swift */,
			);
			path = Calculator;
			sourceTree = "<group>";
		};
/* End PBXGroup section */

/* Begin PBXNativeTarget section */
		7744736924C076F200614A17 /* Learning SwiftUI */ = {
			isa = PBXNativeTarget;
			buildConfigurationList = 7744737E24C076F200614A17 /* Build configuration list for PBXNativeTarget "Learning SwiftUI" */;
			buildPhases = (
				7744736624C076F200614A17 /* Sources */,
				7744736724C076F200614A17 /* Frameworks */,
				7744736824C076F200614A17 /* Resources */,
			);
			buildRules = (
			);
			dependencies = (
			);
			name = "Learning SwiftUI";
			productName = "Learning SwiftUI";
			productReference = 7744736A24C076F200614A17 /* Learning SwiftUI.app */;
			productType = "com.apple.product-type.application";
		};
/* End PBXNativeTarget section */

/* Begin PBXProject section */
		7744736224C076F200614A17 /* Project object */ = {
			isa = PBXProject;
			attributes = {
				LastSwiftUpdateCheck = 1130;
				LastUpgradeCheck = 1130;
				ORGANIZATIONNAME = Ezeal;
				TargetAttributes = {
					7744736924C076F200614A17 = {
						CreatedOnToolsVersion = 11.3;
					};
				};
			};
			buildConfigurationList = 7744736524C076F200614A17 /* Build configuration list for PBXProject "Learning SwiftUI" */;
			compatibilityVersion = "Xcode 9.3";
			developmentRegion = en;
			hasScannedForEncodings = 0;
			knownRegions = (
				en,
				Base,
			);
			mainGroup = 7744736124C076F200614A17;
			productRefGroup = 7744736B24C076F200614A17 /* Products */;
			projectDirPath = "";
			projectRoot = "";
			targets = (
				7744736924C076F200614A17 /* Learning SwiftUI */,
			);
		};
/* End PBXProject section */

/* Begin PBXResourcesBuildPhase section */
		7744736824C076F200614A17 /* Resources */ = {
			isa = PBXResourcesBuildPhase;
			buildActionMask = 2147483647;
			files = (
				7744737A24C076F200614A17 /* LaunchScreen.storyboard in Resources */,
				7744737724C076F200614A17 /* Preview Assets.xcassets in Resources */,
				7744737424C076F200614A17 /* Assets.xcassets in Resources */,
			);
			runOnlyForDeploymentPostprocessing = 0;
		};
/* End PBXResourcesBuildPhase section */

/* Begin PBXSourcesBuildPhase section */
		7744736624C076F200614A17 /* Sources */ = {
			isa = PBXSourcesBuildPhase;
			buildActionMask = 2147483647;
			files = (
				77E2340B24CEC6C00085EDD7 /* CalculatorView.swift in Sources */,
				77E2340D24CEC6C80085EDD7 /* CalculatorModel.swift in Sources */,
				7744736E24C076F200614A17 /* AppDelegate.swift in Sources */,
				7744737024C076F200614A17 /* SceneDelegate.swift in Sources */,
				7744737224C076F200614A17 /* ContentView.swift in Sources */,
			);
			runOnlyForDeploymentPostprocessing = 0;
		};
/* End PBXSourcesBuildPhase section */

/* Begin PBXVariantGroup section */
		7744737824C076F200614A17 /* LaunchScreen.storyboard */ = {
			isa = PBXVariantGroup;
			children = (
				7744737924C076F200614A17 /* Base */,
			);
			name = LaunchScreen.storyboard;
			sourceTree = "<group>";
		};
/* End PBXVariantGroup section */

/* Begin XCBuildConfiguration section */
		7744737C24C076F200614A17 /* Debug */ = {
			isa = XCBuildConfiguration;
			buildSettings = {
				ALWAYS_SEARCH_USER_PATHS = NO;
				CLANG_ANALYZER_NONNULL = YES;
				CLANG_ANALYZER_NUMBER_OBJECT_CONVERSION = YES_AGGRESSIVE;
				CLANG_CXX_LANGUAGE_STANDARD = "gnu++14";
				CLANG_CXX_LIBRARY = "libc++";
				CLANG_ENABLE_MODULES = YES;
				CLANG_ENABLE_OBJC_ARC = YES;
				CLANG_ENABLE_OBJC_WEAK = YES;
				CLANG_WARN_BLOCK_CAPTURE_AUTORELEASING = YES;
				CLANG_WARN_BOOL_CONVERSION = YES;
				CLANG_WARN_COMMA = YES;
				CLANG_WARN_CONSTANT_CONVERSION = YES;
				CLANG_WARN_DEPRECATED_OBJC_IMPLEMENTATIONS = YES;
				CLANG_WARN_DIRECT_OBJC_ISA_USAGE = YES_ERROR;
				CLANG_WARN_DOCUMENTATION_COMMENTS = YES;
				CLANG_WARN_EMPTY_BODY = YES;
				CLANG_WARN_ENUM_CONVERSION = YES;
				CLANG_WARN_INFINITE_RECURSION = YES;
				CLANG_WARN_INT_CONVERSION = YES;
				CLANG_WARN_NON_LITERAL_NULL_CONVERSION = YES;
				CLANG_WARN_OBJC_IMPLICIT_RETAIN_SELF = YES;
				CLANG_WARN_OBJC_LITERAL_CONVERSION = YES;
				CLANG_WARN_OBJC_ROOT_CLASS = YES_ERROR;
				CLANG_WARN_RANGE_LOOP_ANALYSIS = YES;
				CLANG_WARN_STRICT_PROTOTYPES = YES;
				CLANG_WARN_SUSPICIOUS_MOVE = YES;
				CLANG_WARN_UNGUARDED_AVAILABILITY = YES_AGGRESSIVE;
				CLANG_WARN_UNREACHABLE_CODE = YES;
				CLANG_WARN__DUPLICATE_METHOD_MATCH = YES;
				COPY_PHASE_STRIP = NO;
				DEBUG_INFORMATION_FORMAT = dwarf;
				ENABLE_STRICT_OBJC_MSGSEND = YES;
				ENABLE_TESTABILITY = YES;
				GCC_C_LANGUAGE_STANDARD = gnu11;
				GCC_DYNAMIC_NO_PIC = NO;
				GCC_NO_COMMON_BLOCKS = YES;
				GCC_OPTIMIZATION_LEVEL = 0;
				GCC_PREPROCESSOR_DEFINITIONS = (
					"DEBUG=1",
					"$(inherited)",
				);
				GCC_WARN_64_TO_32_BIT_CONVERSION = YES;
				GCC_WARN_ABOUT_RETURN_TYPE = YES_ERROR;
				GCC_WARN_UNDECLARED_SELECTOR = YES;
				GCC_WARN_UNINITIALIZED_AUTOS = YES_AGGRESSIVE;
				GCC_WARN_UNUSED_FUNCTION = YES;
				GCC_WARN_UNUSED_VARIABLE = YES;
				IPHONEOS_DEPLOYMENT_TARGET = 13.2;
				MTL_ENABLE_DEBUG_INFO = INCLUDE_SOURCE;
				MTL_FAST_MATH = YES;
				ONLY_ACTIVE_ARCH = YES;
				SDKROOT = iphoneos;
				SWIFT_ACTIVE_COMPILATION_CONDITIONS = DEBUG;
				SWIFT_OPTIMIZATION_LEVEL = "-Onone";
			};
			name = Debug;
		};
		7744737D24C076F200614A17 /* Release */ = {
			isa = XCBuildConfiguration;
			buildSettings = {
				ALWAYS_SEARCH_USER_PATHS = NO;
				CLANG_ANALYZER_NONNULL = YES;
				CLANG_ANALYZER_NUMBER_OBJECT_CONVERSION = YES_AGGRESSIVE;
				CLANG_CXX_LANGUAGE_STANDARD = "gnu++14";
				CLANG_CXX_LIBRARY = "libc++";
				CLANG_ENABLE_MODULES = YES;
				CLANG_ENABLE_OBJC_ARC = YES;
				CLANG_ENABLE_OBJC_WEAK = YES;
				CLANG_WARN_BLOCK_CAPTURE_AUTORELEASING = YES;
				CLANG_WARN_BOOL_CONVERSION = YES;
				CLANG_WARN_COMMA = YES;
				CLANG_WARN_CONSTANT_CONVERSION = YES;
				CLANG_WARN_DEPRECATED_OBJC_IMPLEMENTATIONS = YES;
				CLANG_WARN_DIRECT_OBJC_ISA_USAGE = YES_ERROR;
				CLANG_WARN_DOCUMENTATION_COMMENTS = YES;
				CLANG_WARN_EMPTY_BODY = YES;
				CLANG_WARN_ENUM_CONVERSION = YES;
				CLANG_WARN_INFINITE_RECURSION = YES;
				CLANG_WARN_INT_CONVERSION = YES;
				CLANG_WARN_NON_LITERAL_NULL_CONVERSION = YES;
				CLANG_WARN_OBJC_IMPLICIT_RETAIN_SELF = YES;
				CLANG_WARN_OBJC_LITERAL_CONVERSION = YES;
				CLANG_WARN_OBJC_ROOT_CLASS = YES_ERROR;
				CLANG_WARN_RANGE_LOOP_ANALYSIS = YES;
				CLANG_WARN_STRICT_PROTOTYPES = YES;
				CLANG_WARN_SUSPICIOUS_MOVE = YES;
				CLANG_WARN_UNGUARDED_AVAILABILITY = YES_AGGRESSIVE;
				CLANG_WARN_UNREACHABLE_CODE = YES;
				CLANG_WARN__DUPLICATE_METHOD_MATCH = YES;
				COPY_PHASE_STRIP = NO;
				DEBUG_INFORMATION_FORMAT = "dwarf-with-dsym";
				ENABLE_NS_ASSERTIONS = NO;
				ENABLE_STRICT_OBJC_MSGSEND = YES;
				GCC_C_LANGUAGE_STANDARD = gnu11;
				GCC_NO_COMMON_BLOCKS = YES;
				GCC_WARN_64_TO_32_BIT_CONVERSION = YES;
				GCC_WARN_ABOUT_RETURN_TYPE = YES_ERROR;
				GCC_WARN_UNDECLARED_SELECTOR = YES;
				GCC_WARN_UNINITIALIZED_AUTOS = YES_AGGRESSIVE;
				GCC_WARN_UNUSED_FUNCTION = YES;
				GCC_WARN_UNUSED_VARIABLE = YES;
				IPHONEOS_DEPLOYMENT_TARGET = 13.2;
				MTL_ENABLE_DEBUG_INFO = NO;
				MTL_FAST_MATH = YES;
				SDKROOT = iphoneos;
				SWIFT_COMPILATION_MODE = wholemodule;
				SWIFT_OPTIMIZATION_LEVEL = "-O";
				VALIDATE_PRODUCT = YES;
			};
			name = Release;
		};
		7744737F24C076F200614A17 /* Debug */ = {
			isa = XCBuildConfiguration;
			buildSettings = {
				ASSETCATALOG_COMPILER_APPICON_NAME = AppIcon;
				CODE_SIGN_STYLE = Manual;
				DEVELOPMENT_ASSET_PATHS = "\"Learning SwiftUI/Preview Content\"";
				DEVELOPMENT_TEAM = "";
				ENABLE_PREVIEWS = YES;
				INFOPLIST_FILE = "Learning SwiftUI/Info.plist";
				IPHONEOS_DEPLOYMENT_TARGET = 13.2;
				LD_RUNPATH_SEARCH_PATHS = (
					"$(inherited)",
					"@executable_path/Frameworks",
				);
				PRODUCT_BUNDLE_IDENTIFIER = "EZ.Learning-SwiftUI";
				PRODUCT_NAME = "$(TARGET_NAME)";
				PROVISIONING_PROFILE_SPECIFIER = "";
				SWIFT_VERSION = 5.0;
				TARGETED_DEVICE_FAMILY = "1,2";
			};
			name = Debug;
		};
		7744738024C076F200614A17 /* Release */ = {
			isa = XCBuildConfiguration;
			buildSettings = {
				ASSETCATALOG_COMPILER_APPICON_NAME = AppIcon;
				CODE_SIGN_STYLE = Manual;
				DEVELOPMENT_ASSET_PATHS = "\"Learning SwiftUI/Preview Content\"";
				DEVELOPMENT_TEAM = "";
				ENABLE_PREVIEWS = YES;
				INFOPLIST_FILE = "Learning SwiftUI/Info.plist";
				IPHONEOS_DEPLOYMENT_TARGET = 13.2;
				LD_RUNPATH_SEARCH_PATHS = (
					"$(inherited)",
					"@executable_path/Frameworks",
				);
				PRODUCT_BUNDLE_IDENTIFIER = "EZ.Learning-SwiftUI";
				PRODUCT_NAME = "$(TARGET_NAME)";
				PROVISIONING_PROFILE_SPECIFIER = "";
				SWIFT_VERSION = 5.0;
				TARGETED_DEVICE_FAMILY = "1,2";
			};
			name = Release;
		};
/* End XCBuildConfiguration section */

/* Begin XCConfigurationList section */
		7744736524C076F200614A17 /* Build configuration list for PBXProject "Learning SwiftUI" */ = {
			isa = XCConfigurationList;
			buildConfigurations = (
				7744737C24C076F200614A17 /* Debug */,
				7744737D24C076F200614A17 /* Release */,
			);
			defaultConfigurationIsVisible = 0;
			defaultConfigurationName = Release;
		};
		7744737E24C076F200614A17 /* Build configuration list for PBXNativeTarget "Learning SwiftUI" */ = {
			isa = XCConfigurationList;
			buildConfigurations = (
				7744737F24C076F200614A17 /* Debug */,
				7744738024C076F200614A17 /* Release */,
			);
			defaultConfigurationIsVisible = 0;
			defaultConfigurationName = Release;
		};
/* End XCConfigurationList section */
	};
	rootObject = 7744736224C076F200614A17 /* Project object */;
}
